
Microsoft Visual Studio Solution File, Format Version 12.00
# Visual Studio Version 17
VisualStudioVersion = 17.12.35309.182
MinimumVisualStudioVersion = 10.0.40219.1
Project("{FAE04EC0-301F-11D3-BF4B-00C04F79EFBC}") = "DiaryApp", "DiaryApp\DiaryApp.csproj", "{C7E12C01-5D4A-4130-8BA1-C16EF3614500}"
EndProject
Global
	GlobalSection(SolutionConfigurationPlatforms) = preSolution
		Debug|Any CPU = Debug|Any CPU
		Release|Any CPU = Release|Any CPU
	EndGlobalSection
	GlobalSection(ProjectConfigurationPlatforms) = postSolution
		{C7E12C01-5D4A-4130-8BA1-C16EF3614500}.Debug|Any CPU.ActiveCfg = Debug|Any CPU
		{C7E12C01-5D4A-4130-8BA1-C16EF3614500}.Debug|Any CPU.Build.0 = Debug|Any CPU
		{C7E12C01-5D4A-4130-8BA1-C16EF3614500}.Release|Any CPU.ActiveCfg = Release|Any CPU
		{C7E12C01-5D4A-4130-8BA1-C16EF3614500}.Release|Any CPU.Build.0 = Release|Any CPU
	EndGlobalSection
	GlobalSection(SolutionProperties) = preSolution
		HideSolutionNode = FALSE
	EndGlobalSection
	GlobalSection(ExtensibilityGlobals) = postSolution
		SolutionGuid = {95B70D42-202D-43B2-B39A-5D498262BE33}
	EndGlobalSection
EndGlobal
